// !$*UTF8*$!
{
	archiveVersion = 1;
	classes = {
	};
	objectVersion = 46;
	objects = {

/* Begin PBXBuildFile section */
		6201622ACB12DAB4057FC665 /* libPods.a in Frameworks */ = {isa = PBXBuildFile; fileRef = B85A9430EFDD0A17B5324E14 /* libPods.a */; };
		8109F2261AA4BE0500F5763F /* AppDelegate.swift in Sources */ = {isa = PBXBuildFile; fileRef = 8109F2251AA4BE0500F5763F /* AppDelegate.swift */; };
		8109F2281AA4BE0500F5763F /* ViewController.swift in Sources */ = {isa = PBXBuildFile; fileRef = 8109F2271AA4BE0500F5763F /* ViewController.swift */; };
		8109F22B1AA4BE0500F5763F /* Main.storyboard in Resources */ = {isa = PBXBuildFile; fileRef = 8109F2291AA4BE0500F5763F /* Main.storyboard */; };
		8109F22D1AA4BE0500F5763F /* Images.xcassets in Resources */ = {isa = PBXBuildFile; fileRef = 8109F22C1AA4BE0500F5763F /* Images.xcassets */; };
		8109F2301AA4BE0500F5763F /* LaunchScreen.xib in Resources */ = {isa = PBXBuildFile; fileRef = 8109F22E1AA4BE0500F5763F /* LaunchScreen.xib */; };
		8109F23C1AA4BE0500F5763F /* iDentTests.swift in Sources */ = {isa = PBXBuildFile; fileRef = 8109F23B1AA4BE0500F5763F /* iDentTests.swift */; };
		813485C01AA56B9900C342F6 /* VideosCell.swift in Sources */ = {isa = PBXBuildFile; fileRef = 813485BF1AA56B9900C342F6 /* VideosCell.swift */; };
		813485C61AA5B44100C342F6 /* Video.swift in Sources */ = {isa = PBXBuildFile; fileRef = 813485C51AA5B44100C342F6 /* Video.swift */; };
		813485C81AA5B50900C342F6 /* Service.swift in Sources */ = {isa = PBXBuildFile; fileRef = 813485C71AA5B50800C342F6 /* Service.swift */; };
		813485CA1AA5D0AC00C342F6 /* Utils.swift in Sources */ = {isa = PBXBuildFile; fileRef = 813485C91AA5D0AC00C342F6 /* Utils.swift */; };
		813485CC1AA5F16000C342F6 /* InfoViewController.swift in Sources */ = {isa = PBXBuildFile; fileRef = 813485CB1AA5F16000C342F6 /* InfoViewController.swift */; };
		813485CE1AA745A100C342F6 /* RelacionadosViewController.swift in Sources */ = {isa = PBXBuildFile; fileRef = 813485CD1AA745A100C342F6 /* RelacionadosViewController.swift */; };
		8191C65B1AA7655C004F685E /* play.png in Resources */ = {isa = PBXBuildFile; fileRef = 8191C65A1AA7655C004F685E /* play.png */; };
/* End PBXBuildFile section */

/* Begin PBXContainerItemProxy section */
		8109F2361AA4BE0500F5763F /* PBXContainerItemProxy */ = {
			isa = PBXContainerItemProxy;
			containerPortal = 8109F2181AA4BE0500F5763F /* Project object */;
			proxyType = 1;
			remoteGlobalIDString = 8109F21F1AA4BE0500F5763F;
			remoteInfo = iDent;
		};
/* End PBXContainerItemProxy section */

/* Begin PBXFileReference section */
		8109F2201AA4BE0500F5763F /* iDent.app */ = {isa = PBXFileReference; explicitFileType = wrapper.application; includeInIndex = 0; path = iDent.app; sourceTree = BUILT_PRODUCTS_DIR; };
		8109F2241AA4BE0500F5763F /* Info.plist */ = {isa = PBXFileReference; lastKnownFileType = text.plist.xml; path = Info.plist; sourceTree = "<group>"; };
		8109F2251AA4BE0500F5763F /* AppDelegate.swift */ = {isa = PBXFileReference; lastKnownFileType = sourcecode.swift; path = AppDelegate.swift; sourceTree = "<group>"; };
		8109F2271AA4BE0500F5763F /* ViewController.swift */ = {isa = PBXFileReference; lastKnownFileType = sourcecode.swift; path = ViewController.swift; sourceTree = "<group>"; };
		8109F22A1AA4BE0500F5763F /* Base */ = {isa = PBXFileReference; lastKnownFileType = file.storyboard; name = Base; path = Base.lproj/Main.storyboard; sourceTree = "<group>"; };
		8109F22C1AA4BE0500F5763F /* Images.xcassets */ = {isa = PBXFileReference; lastKnownFileType = folder.assetcatalog; path = Images.xcassets; sourceTree = "<group>"; };
		8109F22F1AA4BE0500F5763F /* Base */ = {isa = PBXFileReference; lastKnownFileType = file.xib; name = Base; path = Base.lproj/LaunchScreen.xib; sourceTree = "<group>"; };
		8109F2351AA4BE0500F5763F /* iDentTests.xctest */ = {isa = PBXFileReference; explicitFileType = wrapper.cfbundle; includeInIndex = 0; path = iDentTests.xctest; sourceTree = BUILT_PRODUCTS_DIR; };
		8109F23A1AA4BE0500F5763F /* Info.plist */ = {isa = PBXFileReference; lastKnownFileType = text.plist.xml; path = Info.plist; sourceTree = "<group>"; };
		8109F23B1AA4BE0500F5763F /* iDentTests.swift */ = {isa = PBXFileReference; lastKnownFileType = sourcecode.swift; path = iDentTests.swift; sourceTree = "<group>"; };
		8109F2481AA5415E00F5763F /* BridgeFile.h */ = {isa = PBXFileReference; lastKnownFileType = sourcecode.c.h; path = BridgeFile.h; sourceTree = "<group>"; };
		813485BF1AA56B9900C342F6 /* VideosCell.swift */ = {isa = PBXFileReference; fileEncoding = 4; lastKnownFileType = sourcecode.swift; path = VideosCell.swift; sourceTree = "<group>"; };
		813485C51AA5B44100C342F6 /* Video.swift */ = {isa = PBXFileReference; fileEncoding = 4; lastKnownFileType = sourcecode.swift; path = Video.swift; sourceTree = "<group>"; };
		813485C71AA5B50800C342F6 /* Service.swift */ = {isa = PBXFileReference; fileEncoding = 4; lastKnownFileType = sourcecode.swift; path = Service.swift; sourceTree = "<group>"; };
		813485C91AA5D0AC00C342F6 /* Utils.swift */ = {isa = PBXFileReference; fileEncoding = 4; lastKnownFileType = sourcecode.swift; path = Utils.swift; sourceTree = "<group>"; };
		813485CB1AA5F16000C342F6 /* InfoViewController.swift */ = {isa = PBXFileReference; fileEncoding = 4; lastKnownFileType = sourcecode.swift; path = InfoViewController.swift; sourceTree = "<group>"; };
		813485CD1AA745A100C342F6 /* RelacionadosViewController.swift */ = {isa = PBXFileReference; fileEncoding = 4; lastKnownFileType = sourcecode.swift; path = RelacionadosViewController.swift; sourceTree = "<group>"; };
		8191C65A1AA7655C004F685E /* play.png */ = {isa = PBXFileReference; lastKnownFileType = image.png; path = play.png; sourceTree = "<group>"; };
		B85A9430EFDD0A17B5324E14 /* libPods.a */ = {isa = PBXFileReference; explicitFileType = archive.ar; includeInIndex = 0; path = libPods.a; sourceTree = BUILT_PRODUCTS_DIR; };
		C848FB795C315491E1A26A2E /* Pods.debug.xcconfig */ = {isa = PBXFileReference; includeInIndex = 1; lastKnownFileType = text.xcconfig; name = Pods.debug.xcconfig; path = "Pods/Target Support Files/Pods/Pods.debug.xcconfig"; sourceTree = "<group>"; };
		FDE0AD7648576BEF34408E27 /* Pods.release.xcconfig */ = {isa = PBXFileReference; includeInIndex = 1; lastKnownFileType = text.xcconfig; name = Pods.release.xcconfig; path = "Pods/Target Support Files/Pods/Pods.release.xcconfig"; sourceTree = "<group>"; };
/* End PBXFileReference section */

/* Begin PBXFrameworksBuildPhase section */
		8109F21D1AA4BE0500F5763F /* Frameworks */ = {
			isa = PBXFrameworksBuildPhase;
			buildActionMask = 2147483647;
			files = (
				6201622ACB12DAB4057FC665 /* libPods.a in Frameworks */,
			);
			runOnlyForDeploymentPostprocessing = 0;
		};
		8109F2321AA4BE0500F5763F /* Frameworks */ = {
			isa = PBXFrameworksBuildPhase;
			buildActionMask = 2147483647;
			files = (
			);
			runOnlyForDeploymentPostprocessing = 0;
		};
/* End PBXFrameworksBuildPhase section */

/* Begin PBXGroup section */
		7F315871F56FD6EA145435BF /* Pods */ = {
			isa = PBXGroup;
			children = (
				C848FB795C315491E1A26A2E /* Pods.debug.xcconfig */,
				FDE0AD7648576BEF34408E27 /* Pods.release.xcconfig */,
			);
			name = Pods;
			sourceTree = "<group>";
		};
		8109F2171AA4BE0500F5763F = {
			isa = PBXGroup;
			children = (
				8109F2221AA4BE0500F5763F /* iDent */,
				8109F2381AA4BE0500F5763F /* iDentTests */,
				8109F2211AA4BE0500F5763F /* Products */,
				7F315871F56FD6EA145435BF /* Pods */,
				DCA03A75D0532CA56C2F595E /* Frameworks */,
			);
			sourceTree = "<group>";
		};
		8109F2211AA4BE0500F5763F /* Products */ = {
			isa = PBXGroup;
			children = (
				8109F2201AA4BE0500F5763F /* iDent.app */,
				8109F2351AA4BE0500F5763F /* iDentTests.xctest */,
			);
			name = Products;
			sourceTree = "<group>";
		};
		8109F2221AA4BE0500F5763F /* iDent */ = {
			isa = PBXGroup;
			children = (
				8191C65C1AA7655F004F685E /* Imagens */,
				813485BE1AA56B7F00C342F6 /* Cell */,
				8109F2471AA5413C00F5763F /* Helpers */,
				8109F2251AA4BE0500F5763F /* AppDelegate.swift */,
				8109F2271AA4BE0500F5763F /* ViewController.swift */,
				813485CB1AA5F16000C342F6 /* InfoViewController.swift */,
				813485CD1AA745A100C342F6 /* RelacionadosViewController.swift */,
				8109F2291AA4BE0500F5763F /* Main.storyboard */,
				8109F22E1AA4BE0500F5763F /* LaunchScreen.xib */,
				8109F22C1AA4BE0500F5763F /* Images.xcassets */,
				8109F2231AA4BE0500F5763F /* Supporting Files */,
			);
			path = iDent;
			sourceTree = "<group>";
		};
		8109F2231AA4BE0500F5763F /* Supporting Files */ = {
			isa = PBXGroup;
			children = (
				8109F2241AA4BE0500F5763F /* Info.plist */,
			);
			name = "Supporting Files";
			sourceTree = "<group>";
		};
		8109F2381AA4BE0500F5763F /* iDentTests */ = {
			isa = PBXGroup;
			children = (
				8109F23B1AA4BE0500F5763F /* iDentTests.swift */,
				8109F2391AA4BE0500F5763F /* Supporting Files */,
			);
			path = iDentTests;
			sourceTree = "<group>";
		};
		8109F2391AA4BE0500F5763F /* Supporting Files */ = {
			isa = PBXGroup;
			children = (
				8109F23A1AA4BE0500F5763F /* Info.plist */,
			);
			name = "Supporting Files";
			sourceTree = "<group>";
		};
		8109F2471AA5413C00F5763F /* Helpers */ = {
			isa = PBXGroup;
			children = (
				8109F2481AA5415E00F5763F /* BridgeFile.h */,
				813485C51AA5B44100C342F6 /* Video.swift */,
				813485C71AA5B50800C342F6 /* Service.swift */,
				813485C91AA5D0AC00C342F6 /* Utils.swift */,
			);
			name = Helpers;
			sourceTree = "<group>";
		};
		813485BE1AA56B7F00C342F6 /* Cell */ = {
			isa = PBXGroup;
			children = (
				813485BF1AA56B9900C342F6 /* VideosCell.swift */,
			);
			name = Cell;
			sourceTree = "<group>";
		};
		8191C65C1AA7655F004F685E /* Imagens */ = {
			isa = PBXGroup;
			children = (
				8191C65A1AA7655C004F685E /* play.png */,
			);
			name = Imagens;
			sourceTree = "<group>";
		};
		DCA03A75D0532CA56C2F595E /* Frameworks */ = {
			isa = PBXGroup;
			children = (
				B85A9430EFDD0A17B5324E14 /* libPods.a */,
			);
			name = Frameworks;
			sourceTree = "<group>";
		};
/* End PBXGroup section */

/* Begin PBXNativeTarget section */
		8109F21F1AA4BE0500F5763F /* iDent */ = {
			isa = PBXNativeTarget;
			buildConfigurationList = 8109F23F1AA4BE0500F5763F /* Build configuration list for PBXNativeTarget "iDent" */;
			buildPhases = (
				22C299C2C86C9E175E1BD494 /* Check Pods Manifest.lock */,
				8109F21C1AA4BE0500F5763F /* Sources */,
				8109F21D1AA4BE0500F5763F /* Frameworks */,
				8109F21E1AA4BE0500F5763F /* Resources */,
				5B3A99DFAA57816C51D22B55 /* Copy Pods Resources */,
			);
			buildRules = (
			);
			dependencies = (
			);
			name = iDent;
			productName = iDent;
			productReference = 8109F2201AA4BE0500F5763F /* iDent.app */;
			productType = "com.apple.product-type.application";
		};
		8109F2341AA4BE0500F5763F /* iDentTests */ = {
			isa = PBXNativeTarget;
			buildConfigurationList = 8109F2421AA4BE0500F5763F /* Build configuration list for PBXNativeTarget "iDentTests" */;
			buildPhases = (
				8109F2311AA4BE0500F5763F /* Sources */,
				8109F2321AA4BE0500F5763F /* Frameworks */,
				8109F2331AA4BE0500F5763F /* Resources */,
			);
			buildRules = (
			);
			dependencies = (
				8109F2371AA4BE0500F5763F /* PBXTargetDependency */,
			);
			name = iDentTests;
			productName = iDentTests;
			productReference = 8109F2351AA4BE0500F5763F /* iDentTests.xctest */;
			productType = "com.apple.product-type.bundle.unit-test";
		};
/* End PBXNativeTarget section */

/* Begin PBXProject section */
		8109F2181AA4BE0500F5763F /* Project object */ = {
			isa = PBXProject;
			attributes = {
				LastUpgradeCheck = 0610;
				ORGANIZATIONNAME = Vinicius;
				TargetAttributes = {
					8109F21F1AA4BE0500F5763F = {
						CreatedOnToolsVersion = 6.1.1;
					};
					8109F2341AA4BE0500F5763F = {
						CreatedOnToolsVersion = 6.1.1;
						TestTargetID = 8109F21F1AA4BE0500F5763F;
					};
				};
			};
			buildConfigurationList = 8109F21B1AA4BE0500F5763F /* Build configuration list for PBXProject "iDent" */;
			compatibilityVersion = "Xcode 3.2";
			developmentRegion = English;
			hasScannedForEncodings = 0;
			knownRegions = (
				en,
				Base,
			);
			mainGroup = 8109F2171AA4BE0500F5763F;
			productRefGroup = 8109F2211AA4BE0500F5763F /* Products */;
			projectDirPath = "";
			projectRoot = "";
			targets = (
				8109F21F1AA4BE0500F5763F /* iDent */,
				8109F2341AA4BE0500F5763F /* iDentTests */,
			);
		};
/* End PBXProject section */

/* Begin PBXResourcesBuildPhase section */
		8109F21E1AA4BE0500F5763F /* Resources */ = {
			isa = PBXResourcesBuildPhase;
			buildActionMask = 2147483647;
			files = (
				8191C65B1AA7655C004F685E /* play.png in Resources */,
				8109F22B1AA4BE0500F5763F /* Main.storyboard in Resources */,
				8109F2301AA4BE0500F5763F /* LaunchScreen.xib in Resources */,
				8109F22D1AA4BE0500F5763F /* Images.xcassets in Resources */,
			);
			runOnlyForDeploymentPostprocessing = 0;
		};
		8109F2331AA4BE0500F5763F /* Resources */ = {
			isa = PBXResourcesBuildPhase;
			buildActionMask = 2147483647;
			files = (
			);
			runOnlyForDeploymentPostprocessing = 0;
		};
/* End PBXResourcesBuildPhase section */

/* Begin PBXShellScriptBuildPhase section */
		22C299C2C86C9E175E1BD494 /* Check Pods Manifest.lock */ = {
			isa = PBXShellScriptBuildPhase;
			buildActionMask = 2147483647;
			files = (
			);
			inputPaths = (
			);
			name = "Check Pods Manifest.lock";
			outputPaths = (
			);
			runOnlyForDeploymentPostprocessing = 0;
			shellPath = /bin/sh;
			shellScript = "diff \"${PODS_ROOT}/../Podfile.lock\" \"${PODS_ROOT}/Manifest.lock\" > /dev/null\nif [[ $? != 0 ]] ; then\n    cat << EOM\nerror: The sandbox is not in sync with the Podfile.lock. Run 'pod install' or update your CocoaPods installation.\nEOM\n    exit 1\nfi\n";
			showEnvVarsInLog = 0;
		};
		5B3A99DFAA57816C51D22B55 /* Copy Pods Resources */ = {
			isa = PBXShellScriptBuildPhase;
			buildActionMask = 2147483647;
			files = (
			);
			inputPaths = (
			);
			name = "Copy Pods Resources";
			outputPaths = (
			);
			runOnlyForDeploymentPostprocessing = 0;
			shellPath = /bin/sh;
			shellScript = "\"${SRCROOT}/Pods/Target Support Files/Pods/Pods-resources.sh\"\n";
			showEnvVarsInLog = 0;
		};
/* End PBXShellScriptBuildPhase section */

/* Begin PBXSourcesBuildPhase section */
		8109F21C1AA4BE0500F5763F /* Sources */ = {
			isa = PBXSourcesBuildPhase;
			buildActionMask = 2147483647;
			files = (
				8109F2281AA4BE0500F5763F /* ViewController.swift in Sources */,
				8109F2261AA4BE0500F5763F /* AppDelegate.swift in Sources */,
				813485CA1AA5D0AC00C342F6 /* Utils.swift in Sources */,
				813485CC1AA5F16000C342F6 /* InfoViewController.swift in Sources */,
				813485CE1AA745A100C342F6 /* RelacionadosViewController.swift in Sources */,
				813485C61AA5B44100C342F6 /* Video.swift in Sources */,
				813485C01AA56B9900C342F6 /* VideosCell.swift in Sources */,
				813485C81AA5B50900C342F6 /* Service.swift in Sources */,
			);
			runOnlyForDeploymentPostprocessing = 0;
		};
		8109F2311AA4BE0500F5763F /* Sources */ = {
			isa = PBXSourcesBuildPhase;
			buildActionMask = 2147483647;
			files = (
				8109F23C1AA4BE0500F5763F /* iDentTests.swift in Sources */,
			);
			runOnlyForDeploymentPostprocessing = 0;
		};
/* End PBXSourcesBuildPhase section */

/* Begin PBXTargetDependency section */
		8109F2371AA4BE0500F5763F /* PBXTargetDependency */ = {
			isa = PBXTargetDependency;
			target = 8109F21F1AA4BE0500F5763F /* iDent */;
			targetProxy = 8109F2361AA4BE0500F5763F /* PBXContainerItemProxy */;
		};
/* End PBXTargetDependency section */

/* Begin PBXVariantGroup section */
		8109F2291AA4BE0500F5763F /* Main.storyboard */ = {
			isa = PBXVariantGroup;
			children = (
				8109F22A1AA4BE0500F5763F /* Base */,
			);
			name = Main.storyboard;
			sourceTree = "<group>";
		};
		8109F22E1AA4BE0500F5763F /* LaunchScreen.xib */ = {
			isa = PBXVariantGroup;
			children = (
				8109F22F1AA4BE0500F5763F /* Base */,
			);
			name = LaunchScreen.xib;
			sourceTree = "<group>";
		};
/* End PBXVariantGroup section */

/* Begin XCBuildConfiguration section */
		8109F23D1AA4BE0500F5763F /* Debug */ = {
			isa = XCBuildConfiguration;
			buildSettings = {
				ALWAYS_SEARCH_USER_PATHS = NO;
				CLANG_CXX_LANGUAGE_STANDARD = "gnu++0x";
				CLANG_CXX_LIBRARY = "libc++";
				CLANG_ENABLE_MODULES = YES;
				CLANG_ENABLE_OBJC_ARC = YES;
				CLANG_WARN_BOOL_CONVERSION = YES;
				CLANG_WARN_CONSTANT_CONVERSION = YES;
				CLANG_WARN_DIRECT_OBJC_ISA_USAGE = YES_ERROR;
				CLANG_WARN_EMPTY_BODY = YES;
				CLANG_WARN_ENUM_CONVERSION = YES;
				CLANG_WARN_INT_CONVERSION = YES;
				CLANG_WARN_OBJC_ROOT_CLASS = YES_ERROR;
				CLANG_WARN_UNREACHABLE_CODE = YES;
				CLANG_WARN__DUPLICATE_METHOD_MATCH = YES;
				"CODE_SIGN_IDENTITY[sdk=iphoneos*]" = "iPhone Developer";
				COPY_PHASE_STRIP = NO;
				ENABLE_STRICT_OBJC_MSGSEND = YES;
				GCC_C_LANGUAGE_STANDARD = gnu99;
				GCC_DYNAMIC_NO_PIC = NO;
				GCC_OPTIMIZATION_LEVEL = 0;
				GCC_PREPROCESSOR_DEFINITIONS = (
					"DEBUG=1",
					"$(inherited)",
				);
				GCC_SYMBOLS_PRIVATE_EXTERN = NO;
				GCC_WARN_64_TO_32_BIT_CONVERSION = YES;
				GCC_WARN_ABOUT_RETURN_TYPE = YES_ERROR;
				GCC_WARN_UNDECLARED_SELECTOR = YES;
				GCC_WARN_UNINITIALIZED_AUTOS = YES_AGGRESSIVE;
				GCC_WARN_UNUSED_FUNCTION = YES;
				GCC_WARN_UNUSED_VARIABLE = YES;
				IPHONEOS_DEPLOYMENT_TARGET = 8.1;
				MTL_ENABLE_DEBUG_INFO = YES;
				ONLY_ACTIVE_ARCH = YES;
				SDKROOT = iphoneos;
				SWIFT_OPTIMIZATION_LEVEL = "-Onone";
				TARGETED_DEVICE_FAMILY = "1,2";
			};
			name = Debug;
		};
		8109F23E1AA4BE0500F5763F /* Release */ = {
			isa = XCBuildConfiguration;
			buildSettings = {
				ALWAYS_SEARCH_USER_PATHS = NO;
				CLANG_CXX_LANGUAGE_STANDARD = "gnu++0x";
				CLANG_CXX_LIBRARY = "libc++";
				CLANG_ENABLE_MODULES = YES;
				CLANG_ENABLE_OBJC_ARC = YES;
				CLANG_WARN_BOOL_CONVERSION = YES;
				CLANG_WARN_CONSTANT_CONVERSION = YES;
				CLANG_WARN_DIRECT_OBJC_ISA_USAGE = YES_ERROR;
				CLANG_WARN_EMPTY_BODY = YES;
				CLANG_WARN_ENUM_CONVERSION = YES;
				CLANG_WARN_INT_CONVERSION = YES;
				CLANG_WARN_OBJC_ROOT_CLASS = YES_ERROR;
				CLANG_WARN_UNREACHABLE_CODE = YES;
				CLANG_WARN__DUPLICATE_METHOD_MATCH = YES;
				"CODE_SIGN_IDENTITY[sdk=iphoneos*]" = "iPhone Developer";
				COPY_PHASE_STRIP = YES;
				ENABLE_NS_ASSERTIONS = NO;
				ENABLE_STRICT_OBJC_MSGSEND = YES;
				GCC_C_LANGUAGE_STANDARD = gnu99;
				GCC_WARN_64_TO_32_BIT_CONVERSION = YES;
				GCC_WARN_ABOUT_RETURN_TYPE = YES_ERROR;
				GCC_WARN_UNDECLARED_SELECTOR = YES;
				GCC_WARN_UNINITIALIZED_AUTOS = YES_AGGRESSIVE;
				GCC_WARN_UNUSED_FUNCTION = YES;
				GCC_WARN_UNUSED_VARIABLE = YES;
				IPHONEOS_DEPLOYMENT_TARGET = 8.1;
				MTL_ENABLE_DEBUG_INFO = NO;
				SDKROOT = iphoneos;
				TARGETED_DEVICE_FAMILY = "1,2";
				VALIDATE_PRODUCT = YES;
			};
			name = Release;
		};
		8109F2401AA4BE0500F5763F /* Debug */ = {
			isa = XCBuildConfiguration;
			baseConfigurationReference = C848FB795C315491E1A26A2E /* Pods.debug.xcconfig */;
			buildSettings = {
				ASSETCATALOG_COMPILER_APPICON_NAME = AppIcon;
				INFOPLIST_FILE = iDent/Info.plist;
				LD_RUNPATH_SEARCH_PATHS = "$(inherited) @executable_path/Frameworks";
				PRODUCT_NAME = "$(TARGET_NAME)";
				SWIFT_OBJC_BRIDGING_HEADER = iDent/BridgeFile.h;
			};
			name = Debug;
		};
		8109F2411AA4BE0500F5763F /* Release */ = {
			isa = XCBuildConfiguration;
			baseConfigurationReference = FDE0AD7648576BEF34408E27 /* Pods.release.xcconfig */;
			buildSettings = {
				ASSETCATALOG_COMPILER_APPICON_NAME = AppIcon;
				INFOPLIST_FILE = iDent/Info.plist;
				LD_RUNPATH_SEARCH_PATHS = "$(inherited) @executable_path/Frameworks";
				PRODUCT_NAME = "$(TARGET_NAME)";
				SWIFT_OBJC_BRIDGING_HEADER = iDent/BridgeFile.h;
			};
			name = Release;
		};
		8109F2431AA4BE0500F5763F /* Debug */ = {
			isa = XCBuildConfiguration;
			buildSettings = {
				BUNDLE_LOADER = "$(TEST_HOST)";
				FRAMEWORK_SEARCH_PATHS = (
					"$(SDKROOT)/Developer/Library/Frameworks",
					"$(inherited)",
				);
				GCC_PREPROCESSOR_DEFINITIONS = (
					"DEBUG=1",
					"$(inherited)",
				);
				INFOPLIST_FILE = iDentTests/Info.plist;
				LD_RUNPATH_SEARCH_PATHS = "$(inherited) @executable_path/Frameworks @loader_path/Frameworks";
				PRODUCT_NAME = "$(TARGET_NAME)";
				TEST_HOST = "$(BUILT_PRODUCTS_DIR)/iDent.app/iDent";
			};
			name = Debug;
		};
		8109F2441AA4BE0500F5763F /* Release */ = {
			isa = XCBuildConfiguration;
			buildSettings = {
				BUNDLE_LOADER = "$(TEST_HOST)";
				FRAMEWORK_SEARCH_PATHS = (
					"$(SDKROOT)/Developer/Library/Frameworks",
					"$(inherited)",
				);
				INFOPLIST_FILE = iDentTests/Info.plist;
				LD_RUNPATH_SEARCH_PATHS = "$(inherited) @executable_path/Frameworks @loader_path/Frameworks";
				PRODUCT_NAME = "$(TARGET_NAME)";
				TEST_HOST = "$(BUILT_PRODUCTS_DIR)/iDent.app/iDent";
			};
			name = Release;
		};
/* End XCBuildConfiguration section */

/* Begin XCConfigurationList section */
		8109F21B1AA4BE0500F5763F /* Build configuration list for PBXProject "iDent" */ = {
			isa = XCConfigurationList;
			buildConfigurations = (
				8109F23D1AA4BE0500F5763F /* Debug */,
				8109F23E1AA4BE0500F5763F /* Release */,
			);
			defaultConfigurationIsVisible = 0;
			defaultConfigurationName = Release;
		};
		8109F23F1AA4BE0500F5763F /* Build configuration list for PBXNativeTarget "iDent" */ = {
			isa = XCConfigurationList;
			buildConfigurations = (
				8109F2401AA4BE0500F5763F /* Debug */,
				8109F2411AA4BE0500F5763F /* Release */,
			);
			defaultConfigurationIsVisible = 0;
			defaultConfigurationName = Release;
		};
		8109F2421AA4BE0500F5763F /* Build configuration list for PBXNativeTarget "iDentTests" */ = {
			isa = XCConfigurationList;
			buildConfigurations = (
				8109F2431AA4BE0500F5763F /* Debug */,
				8109F2441AA4BE0500F5763F /* Release */,
			);
			defaultConfigurationIsVisible = 0;
			defaultConfigurationName = Release;
		};
/* End XCConfigurationList section */
	};
	rootObject = 8109F2181AA4BE0500F5763F /* Project object */;
}
